// !$*UTF8*$!
{
	archiveVersion = 1;
	classes = {
	};
	objectVersion = 60;
	objects = {

/* Begin PBXBuildFile section */
		2FAD9763203C412B000D30F8 /* config.xml in Resources */ = {isa = PBXBuildFile; fileRef = 2FAD9762203C412B000D30F8 /* config.xml */; };
		4D22ABE92AF431CB00220026 /* CapApp-SPM in Frameworks */ = {isa = PBXBuildFile; productRef = 4D22ABE82AF431CB00220026 /* CapApp-SPM */; };
		50379B232058CBB4000EE86E /* capacitor.config.json in Resources */ = {isa = PBXBuildFile; fileRef = 50379B222058CBB4000EE86E /* capacitor.config.json */; };
		504EC3081FED79650016851F /* AppDelegate.swift in Sources */ = {isa = PBXBuildFile; fileRef = 504EC3071FED79650016851F /* AppDelegate.swift */; };
		504EC30D1FED79650016851F /* Main.storyboard in Resources */ = {isa = PBXBuildFile; fileRef = 504EC30B1FED79650016851F /* Main.storyboard */; };
		504EC30F1FED79650016851F /* Assets.xcassets in Resources */ = {isa = PBXBuildFile; fileRef = 504EC30E1FED79650016851F /* Assets.xcassets */; };
		504EC3121FED79650016851F /* LaunchScreen.storyboard in Resources */ = {isa = PBXBuildFile; fileRef = 504EC3101FED79650016851F /* LaunchScreen.storyboard */; };
		50B271D11FEDC1A000F3C39B /* public in Resources */ = {isa = PBXBuildFile; fileRef = 50B271D01FEDC1A000F3C39B /* public */; };
		9582B6832FE993A70072D4E8 /* SceneDelegate.swift in Sources */ = {isa = PBXBuildFile; fileRef = 9582B6822FE993A50072D4E8 /* SceneDelegate.swift */; };
		D784AF7C3D4A4842804D2DA7 /* WaveApp.swift in Sources */ = {isa = PBXBuildFile; fileRef = F590AC0E026C42BE80D5FF99 /* WaveApp.swift */; };
		0499A549C3604505A3A3F7EB /* Models.swift in Sources */ = {isa = PBXBuildFile; fileRef = 9454D7EB74784BA2AA4E3490 /* Models.swift */; };
		3E0637D2C06C41D195704C7E /* APIClient.swift in Sources */ = {isa = PBXBuildFile; fileRef = BF057595057F4845A7930132 /* APIClient.swift */; };
		9A060EF1A824480697D9677D /* SessionStore.swift in Sources */ = {isa = PBXBuildFile; fileRef = A3240FA0B7CB43C69A4077D2 /* SessionStore.swift */; };
		D34CB038542E4DCC89717604 /* SocketManager.swift in Sources */ = {isa = PBXBuildFile; fileRef = 669DC00BFA034176923D902E /* SocketManager.swift */; };
		8B140C1EB3A9449AA2022575 /* AvatarView.swift in Sources */ = {isa = PBXBuildFile; fileRef = 17BC14A170724B3294DC3787 /* AvatarView.swift */; };
		D8CC227146554E30B554812B /* LoginView.swift in Sources */ = {isa = PBXBuildFile; fileRef = D0CB9A1A271F4869963430A2 /* LoginView.swift */; };
		B231DBF932DB41BB9CD3BA90 /* ChatListView.swift in Sources */ = {isa = PBXBuildFile; fileRef = E98A870C6D904D60A8EC7E73 /* ChatListView.swift */; };
		68C74571BE654D0CA1D2481E /* ChatView.swift in Sources */ = {isa = PBXBuildFile; fileRef = 0F851E9F2C544A53BCC2D22F /* ChatView.swift */; };
		2C4CE01F2DDB4EE596F2A764 /* RootView.swift in Sources */ = {isa = PBXBuildFile; fileRef = 214A94224BDD49609B8F7387 /* RootView.swift */; };
		8A55345C078B4F0EB1935CB0 /* NewChatView.swift in Sources */ = {isa = PBXBuildFile; fileRef = 413C304C3EFB4CBCAE0ADEC8 /* NewChatView.swift */; };
		AC32FAC403904BF3AAD261FD /* Theme.swift in Sources */ = {isa = PBXBuildFile; fileRef = A8123952AB6D47568D527CA6 /* Theme.swift */; };
		684FDF78BB074DBEB6C64482 /* Formatters.swift in Sources */ = {isa = PBXBuildFile; fileRef = D61571DD87F34B5FABF6598E /* Formatters.swift */; };
		56D142936219431D858B2796 /* SettingsView.swift in Sources */ = {isa = PBXBuildFile; fileRef = 8796E2AA01994C84805666A6 /* SettingsView.swift */; };
		5399708607D34270BD918DDA /* NewGroupView.swift in Sources */ = {isa = PBXBuildFile; fileRef = B1815CD6251E4B8C91E7223F /* NewGroupView.swift */; };
		D05A6263477944F7B71FFA92 /* VoiceRecorder.swift in Sources */ = {isa = PBXBuildFile; fileRef = 16EA3A20207145B695A2EC9C /* VoiceRecorder.swift */; };
		25CEE696D70E4429A553D8D7 /* VoicePlayerView.swift in Sources */ = {isa = PBXBuildFile; fileRef = BBE8B45E542645D5952060DF /* VoicePlayerView.swift */; };
		096CE424650D4C2593FEA2A1 /* CameraCapture.swift in Sources */ = {isa = PBXBuildFile; fileRef = 0FE488D035D5446296119A54 /* CameraCapture.swift */; };
		92D392960BD4419399F81808 /* ConversationInfoView.swift in Sources */ = {isa = PBXBuildFile; fileRef = 00AC69C264A2439EB1D9D84D /* ConversationInfoView.swift */; };
		3964078E5ED048279672FE21 /* ForwardPickerView.swift in Sources */ = {isa = PBXBuildFile; fileRef = 16ECCA206D4247F9BC0B3D64 /* ForwardPickerView.swift */; };
		8A2BFF76CD53426A903A0732 /* GoogleAuthManager.swift in Sources */ = {isa = PBXBuildFile; fileRef = E767B9E29C204C639502ED5F /* GoogleAuthManager.swift */; };
		5962059F7BD34CFC9AA3A951 /* AppIconMono120.png in Resources */ = {isa = PBXBuildFile; fileRef = 80028890EF1C40268D2BB057 /* AppIconMono120.png */; };
		3243A7E504564AF0A32F8A7D /* AppIconMono180.png in Resources */ = {isa = PBXBuildFile; fileRef = C389C2BB1CBD49238B4BD9F3 /* AppIconMono180.png */; };
/* End PBXBuildFile section */

/* Begin PBXFileReference section */
		2FAD9762203C412B000D30F8 /* config.xml */ = {isa = PBXFileReference; lastKnownFileType = text.xml; path = config.xml; sourceTree = "<group>"; };
		50379B222058CBB4000EE86E /* capacitor.config.json */ = {isa = PBXFileReference; fileEncoding = 4; lastKnownFileType = text.json; path = capacitor.config.json; sourceTree = "<group>"; };
		504EC3041FED79650016851F /* App.app */ = {isa = PBXFileReference; explicitFileType = wrapper.application; includeInIndex = 0; path = App.app; sourceTree = BUILT_PRODUCTS_DIR; };
		504EC3071FED79650016851F /* AppDelegate.swift */ = {isa = PBXFileReference; lastKnownFileType = sourcecode.swift; path = AppDelegate.swift; sourceTree = "<group>"; };
		504EC30C1FED79650016851F /* Base */ = {isa = PBXFileReference; lastKnownFileType = file.storyboard; name = Base; path = Base.lproj/Main.storyboard; sourceTree = "<group>"; };
		504EC30E1FED79650016851F /* Assets.xcassets */ = {isa = PBXFileReference; lastKnownFileType = folder.assetcatalog; path = Assets.xcassets; sourceTree = "<group>"; };
		504EC3111FED79650016851F /* Base */ = {isa = PBXFileReference; lastKnownFileType = file.storyboard; name = Base; path = Base.lproj/LaunchScreen.storyboard; sourceTree = "<group>"; };
		504EC3131FED79650016851F /* Info.plist */ = {isa = PBXFileReference; lastKnownFileType = text.plist.xml; path = Info.plist; sourceTree = "<group>"; };
		50B271D01FEDC1A000F3C39B /* public */ = {isa = PBXFileReference; lastKnownFileType = folder; path = public; sourceTree = "<group>"; };
		9582B6822FE993A50072D4E8 /* SceneDelegate.swift */ = {isa = PBXFileReference; lastKnownFileType = sourcecode.swift; path = SceneDelegate.swift; sourceTree = "<group>"; };
		958DCC722DB07C7200EA8C5F /* debug.xcconfig */ = {isa = PBXFileReference; lastKnownFileType = text.xcconfig; name = debug.xcconfig; path = ../debug.xcconfig; sourceTree = SOURCE_ROOT; };
		F590AC0E026C42BE80D5FF99 /* WaveApp.swift */ = {isa = PBXFileReference; name = "WaveApp.swift"; path = "WaveApp.swift"; sourceTree = "<group>"; fileEncoding = 4; lastKnownFileType = sourcecode.swift; explicitFileType = undefined; includeInIndex = 0; };
		9454D7EB74784BA2AA4E3490 /* Models.swift */ = {isa = PBXFileReference; name = "Models.swift"; path = "Models.swift"; sourceTree = "<group>"; fileEncoding = 4; lastKnownFileType = sourcecode.swift; explicitFileType = undefined; includeInIndex = 0; };
		BF057595057F4845A7930132 /* APIClient.swift */ = {isa = PBXFileReference; name = "APIClient.swift"; path = "APIClient.swift"; sourceTree = "<group>"; fileEncoding = 4; lastKnownFileType = sourcecode.swift; explicitFileType = undefined; includeInIndex = 0; };
		A3240FA0B7CB43C69A4077D2 /* SessionStore.swift */ = {isa = PBXFileReference; name = "SessionStore.swift"; path = "SessionStore.swift"; sourceTree = "<group>"; fileEncoding = 4; lastKnownFileType = sourcecode.swift; explicitFileType = undefined; includeInIndex = 0; };
		669DC00BFA034176923D902E /* SocketManager.swift */ = {isa = PBXFileReference; name = "SocketManager.swift"; path = "SocketManager.swift"; sourceTree = "<group>"; fileEncoding = 4; lastKnownFileType = sourcecode.swift; explicitFileType = undefined; includeInIndex = 0; };
		17BC14A170724B3294DC3787 /* AvatarView.swift */ = {isa = PBXFileReference; name = "AvatarView.swift"; path = "AvatarView.swift"; sourceTree = "<group>"; fileEncoding = 4; lastKnownFileType = sourcecode.swift; explicitFileType = undefined; includeInIndex = 0; };
		D0CB9A1A271F4869963430A2 /* LoginView.swift */ = {isa = PBXFileReference; name = "LoginView.swift"; path = "LoginView.swift"; sourceTree = "<group>"; fileEncoding = 4; lastKnownFileType = sourcecode.swift; explicitFileType = undefined; includeInIndex = 0; };
		E98A870C6D904D60A8EC7E73 /* ChatListView.swift */ = {isa = PBXFileReference; name = "ChatListView.swift"; path = "ChatListView.swift"; sourceTree = "<group>"; fileEncoding = 4; lastKnownFileType = sourcecode.swift; explicitFileType = undefined; includeInIndex = 0; };
		0F851E9F2C544A53BCC2D22F /* ChatView.swift */ = {isa = PBXFileReference; name = "ChatView.swift"; path = "ChatView.swift"; sourceTree = "<group>"; fileEncoding = 4; lastKnownFileType = sourcecode.swift; explicitFileType = undefined; includeInIndex = 0; };
		214A94224BDD49609B8F7387 /* RootView.swift */ = {isa = PBXFileReference; name = "RootView.swift"; path = "RootView.swift"; sourceTree = "<group>"; fileEncoding = 4; lastKnownFileType = sourcecode.swift; explicitFileType = undefined; includeInIndex = 0; };
		413C304C3EFB4CBCAE0ADEC8 /* NewChatView.swift */ = {isa = PBXFileReference; name = "NewChatView.swift"; path = "NewChatView.swift"; sourceTree = "<group>"; fileEncoding = 4; lastKnownFileType = sourcecode.swift; explicitFileType = undefined; includeInIndex = 0; };
		A8123952AB6D47568D527CA6 /* Theme.swift */ = {isa = PBXFileReference; name = "Theme.swift"; path = "Theme.swift"; sourceTree = "<group>"; fileEncoding = 4; lastKnownFileType = sourcecode.swift; explicitFileType = undefined; includeInIndex = 0; };
		D61571DD87F34B5FABF6598E /* Formatters.swift */ = {isa = PBXFileReference; name = "Formatters.swift"; path = "Formatters.swift"; sourceTree = "<group>"; fileEncoding = 4; lastKnownFileType = sourcecode.swift; explicitFileType = undefined; includeInIndex = 0; };
		8796E2AA01994C84805666A6 /* SettingsView.swift */ = {isa = PBXFileReference; name = "SettingsView.swift"; path = "SettingsView.swift"; sourceTree = "<group>"; fileEncoding = 4; lastKnownFileType = sourcecode.swift; explicitFileType = undefined; includeInIndex = 0; };
		B1815CD6251E4B8C91E7223F /* NewGroupView.swift */ = {isa = PBXFileReference; name = "NewGroupView.swift"; path = "NewGroupView.swift"; sourceTree = "<group>"; fileEncoding = 4; lastKnownFileType = sourcecode.swift; explicitFileType = undefined; includeInIndex = 0; };
		16EA3A20207145B695A2EC9C /* VoiceRecorder.swift */ = {isa = PBXFileReference; name = "VoiceRecorder.swift"; path = "VoiceRecorder.swift"; sourceTree = "<group>"; fileEncoding = 4; lastKnownFileType = sourcecode.swift; explicitFileType = undefined; includeInIndex = 0; };
		BBE8B45E542645D5952060DF /* VoicePlayerView.swift */ = {isa = PBXFileReference; name = "VoicePlayerView.swift"; path = "VoicePlayerView.swift"; sourceTree = "<group>"; fileEncoding = 4; lastKnownFileType = sourcecode.swift; explicitFileType = undefined; includeInIndex = 0; };
		0FE488D035D5446296119A54 /* CameraCapture.swift */ = {isa = PBXFileReference; name = "CameraCapture.swift"; path = "CameraCapture.swift"; sourceTree = "<group>"; fileEncoding = 4; lastKnownFileType = sourcecode.swift; explicitFileType = undefined; includeInIndex = 0; };
		00AC69C264A2439EB1D9D84D /* ConversationInfoView.swift */ = {isa = PBXFileReference; name = "ConversationInfoView.swift"; path = "ConversationInfoView.swift"; sourceTree = "<group>"; fileEncoding = 4; lastKnownFileType = sourcecode.swift; explicitFileType = undefined; includeInIndex = 0; };
		16ECCA206D4247F9BC0B3D64 /* ForwardPickerView.swift */ = {isa = PBXFileReference; name = "ForwardPickerView.swift"; path = "ForwardPickerView.swift"; sourceTree = "<group>"; fileEncoding = 4; lastKnownFileType = sourcecode.swift; explicitFileType = undefined; includeInIndex = 0; };
		E767B9E29C204C639502ED5F /* GoogleAuthManager.swift */ = {isa = PBXFileReference; name = "GoogleAuthManager.swift"; path = "GoogleAuthManager.swift"; sourceTree = "<group>"; fileEncoding = 4; lastKnownFileType = sourcecode.swift; explicitFileType = undefined; includeInIndex = 0; };
		80028890EF1C40268D2BB057 /* AppIconMono120.png */ = {isa = PBXFileReference; name = "AppIconMono120.png"; path = "AlternateIcons/AppIconMono120.png"; sourceTree = "<group>"; fileEncoding = undefined; lastKnownFileType = unknown; explicitFileType = undefined; includeInIndex = 0; };
		C389C2BB1CBD49238B4BD9F3 /* AppIconMono180.png */ = {isa = PBXFileReference; name = "AppIconMono180.png"; path = "AlternateIcons/AppIconMono180.png"; sourceTree = "<group>"; fileEncoding = undefined; lastKnownFileType = unknown; explicitFileType = undefined; includeInIndex = 0; };
/* End PBXFileReference section */

/* Begin PBXFrameworksBuildPhase section */
		504EC3011FED79650016851F /* Frameworks */ = {
			isa = PBXFrameworksBuildPhase;
			buildActionMask = 2147483647;
			files = (
				4D22ABE92AF431CB00220026 /* CapApp-SPM in Frameworks */,
			);
			runOnlyForDeploymentPostprocessing = 0;
		};
/* End PBXFrameworksBuildPhase section */

/* Begin PBXGroup section */
		504EC2FB1FED79650016851F = {
			isa = PBXGroup;
			children = (
				958DCC722DB07C7200EA8C5F /* debug.xcconfig */,
				504EC3061FED79650016851F /* App */,
				504EC3051FED79650016851F /* Products */,
			);
			sourceTree = "<group>";
		};
		504EC3051FED79650016851F /* Products */ = {
			isa = PBXGroup;
			children = (
				504EC3041FED79650016851F /* App.app */,
			);
			name = Products;
			sourceTree = "<group>";
		};
		504EC3061FED79650016851F /* App */ = {
			isa = PBXGroup;
			children = (
				9582B6822FE993A50072D4E8 /* SceneDelegate.swift */,
				50379B222058CBB4000EE86E /* capacitor.config.json */,
				504EC3071FED79650016851F /* AppDelegate.swift */,
				504EC30B1FED79650016851F /* Main.storyboard */,
				504EC30E1FED79650016851F /* Assets.xcassets */,
				504EC3101FED79650016851F /* LaunchScreen.storyboard */,
				504EC3131FED79650016851F /* Info.plist */,
				2FAD9762203C412B000D30F8 /* config.xml */,
				50B271D01FEDC1A000F3C39B /* public */,
				F590AC0E026C42BE80D5FF99 /* WaveApp.swift */,
				9454D7EB74784BA2AA4E3490 /* Models.swift */,
				BF057595057F4845A7930132 /* APIClient.swift */,
				A3240FA0B7CB43C69A4077D2 /* SessionStore.swift */,
				669DC00BFA034176923D902E /* SocketManager.swift */,
				17BC14A170724B3294DC3787 /* AvatarView.swift */,
				D0CB9A1A271F4869963430A2 /* LoginView.swift */,
				E98A870C6D904D60A8EC7E73 /* ChatListView.swift */,
				0F851E9F2C544A53BCC2D22F /* ChatView.swift */,
				214A94224BDD49609B8F7387 /* RootView.swift */,
				413C304C3EFB4CBCAE0ADEC8 /* NewChatView.swift */,
				A8123952AB6D47568D527CA6 /* Theme.swift */,
				D61571DD87F34B5FABF6598E /* Formatters.swift */,
				8796E2AA01994C84805666A6 /* SettingsView.swift */,
				B1815CD6251E4B8C91E7223F /* NewGroupView.swift */,
				16EA3A20207145B695A2EC9C /* VoiceRecorder.swift */,
				BBE8B45E542645D5952060DF /* VoicePlayerView.swift */,
				0FE488D035D5446296119A54 /* CameraCapture.swift */,
				00AC69C264A2439EB1D9D84D /* ConversationInfoView.swift */,
				16ECCA206D4247F9BC0B3D64 /* ForwardPickerView.swift */,
				E767B9E29C204C639502ED5F /* GoogleAuthManager.swift */,
				80028890EF1C40268D2BB057 /* AppIconMono120.png */,
				C389C2BB1CBD49238B4BD9F3 /* AppIconMono180.png */,
			);
			path = App;
			sourceTree = "<group>";
		};
/* End PBXGroup section */

/* Begin PBXNativeTarget section */
		504EC3031FED79650016851F /* App */ = {
			isa = PBXNativeTarget;
			buildConfigurationList = 504EC3161FED79650016851F /* Build configuration list for PBXNativeTarget "App" */;
			buildPhases = (
				504EC3001FED79650016851F /* Sources */,
				504EC3011FED79650016851F /* Frameworks */,
				504EC3021FED79650016851F /* Resources */,
			);
			buildRules = (
			);
			dependencies = (
			);
			name = App;
			packageProductDependencies = (
				4D22ABE82AF431CB00220026 /* CapApp-SPM */,
			);
			productName = App;
			productReference = 504EC3041FED79650016851F /* App.app */;
			productType = "com.apple.product-type.application";
		};
/* End PBXNativeTarget section */

/* Begin PBXProject section */
		504EC2FC1FED79650016851F /* Project object */ = {
			isa = PBXProject;
			attributes = {
				LastSwiftUpdateCheck = 920;
				LastUpgradeCheck = 920;
				TargetAttributes = {
					504EC3031FED79650016851F = {
						CreatedOnToolsVersion = 9.2;
						LastSwiftMigration = 1100;
						ProvisioningStyle = Automatic;
					};
				};
			};
			buildConfigurationList = 504EC2FF1FED79650016851F /* Build configuration list for PBXProject "App" */;
			compatibilityVersion = "Xcode 8.0";
			developmentRegion = en;
			hasScannedForEncodings = 0;
			knownRegions = (
				en,
				Base,
			);
			mainGroup = 504EC2FB1FED79650016851F;
			packageReferences = (
				D4C12C0A2AAA248700AAC8A2 /* XCLocalSwiftPackageReference "CapApp-SPM" */,
			);
			productRefGroup = 504EC3051FED79650016851F /* Products */;
			projectDirPath = "";
			projectRoot = "";
			targets = (
				504EC3031FED79650016851F /* App */,
			);
		};
/* End PBXProject section */

/* Begin PBXResourcesBuildPhase section */
		504EC3021FED79650016851F /* Resources */ = {
			isa = PBXResourcesBuildPhase;
			buildActionMask = 2147483647;
			files = (
				504EC3121FED79650016851F /* LaunchScreen.storyboard in Resources */,
				50B271D11FEDC1A000F3C39B /* public in Resources */,
				504EC30F1FED79650016851F /* Assets.xcassets in Resources */,
				50379B232058CBB4000EE86E /* capacitor.config.json in Resources */,
				504EC30D1FED79650016851F /* Main.storyboard in Resources */,
				2FAD9763203C412B000D30F8 /* config.xml in Resources */,
				5962059F7BD34CFC9AA3A951 /* AppIconMono120.png in Resources */,
				3243A7E504564AF0A32F8A7D /* AppIconMono180.png in Resources */,
			);
			runOnlyForDeploymentPostprocessing = 0;
		};
/* End PBXResourcesBuildPhase section */

/* Begin PBXSourcesBuildPhase section */
		504EC3001FED79650016851F /* Sources */ = {
			isa = PBXSourcesBuildPhase;
			buildActionMask = 2147483647;
			files = (
				504EC3081FED79650016851F /* AppDelegate.swift in Sources */,
				9582B6832FE993A70072D4E8 /* SceneDelegate.swift in Sources */,
				D784AF7C3D4A4842804D2DA7 /* WaveApp.swift in Sources */,
				0499A549C3604505A3A3F7EB /* Models.swift in Sources */,
				3E0637D2C06C41D195704C7E /* APIClient.swift in Sources */,
				9A060EF1A824480697D9677D /* SessionStore.swift in Sources */,
				D34CB038542E4DCC89717604 /* SocketManager.swift in Sources */,
				8B140C1EB3A9449AA2022575 /* AvatarView.swift in Sources */,
				D8CC227146554E30B554812B /* LoginView.swift in Sources */,
				B231DBF932DB41BB9CD3BA90 /* ChatListView.swift in Sources */,
				68C74571BE654D0CA1D2481E /* ChatView.swift in Sources */,
				2C4CE01F2DDB4EE596F2A764 /* RootView.swift in Sources */,
				8A55345C078B4F0EB1935CB0 /* NewChatView.swift in Sources */,
				AC32FAC403904BF3AAD261FD /* Theme.swift in Sources */,
				684FDF78BB074DBEB6C64482 /* Formatters.swift in Sources */,
				56D142936219431D858B2796 /* SettingsView.swift in Sources */,
				5399708607D34270BD918DDA /* NewGroupView.swift in Sources */,
				D05A6263477944F7B71FFA92 /* VoiceRecorder.swift in Sources */,
				25CEE696D70E4429A553D8D7 /* VoicePlayerView.swift in Sources */,
				096CE424650D4C2593FEA2A1 /* CameraCapture.swift in Sources */,
				92D392960BD4419399F81808 /* ConversationInfoView.swift in Sources */,
				3964078E5ED048279672FE21 /* ForwardPickerView.swift in Sources */,
				8A2BFF76CD53426A903A0732 /* GoogleAuthManager.swift in Sources */,
			);
			runOnlyForDeploymentPostprocessing = 0;
		};
/* End PBXSourcesBuildPhase section */

/* Begin PBXVariantGroup section */
		504EC30B1FED79650016851F /* Main.storyboard */ = {
			isa = PBXVariantGroup;
			children = (
				504EC30C1FED79650016851F /* Base */,
			);
			name = Main.storyboard;
			sourceTree = "<group>";
		};
		504EC3101FED79650016851F /* LaunchScreen.storyboard */ = {
			isa = PBXVariantGroup;
			children = (
				504EC3111FED79650016851F /* Base */,
			);
			name = LaunchScreen.storyboard;
			sourceTree = "<group>";
		};
/* End PBXVariantGroup section */

/* Begin XCBuildConfiguration section */
		504EC3141FED79650016851F /* Debug */ = {
			isa = XCBuildConfiguration;
			baseConfigurationReference = 958DCC722DB07C7200EA8C5F /* debug.xcconfig */;
			buildSettings = {
				ALWAYS_SEARCH_USER_PATHS = NO;
				CLANG_ANALYZER_NONNULL = YES;
				CLANG_ANALYZER_NUMBER_OBJECT_CONVERSION = YES_AGGRESSIVE;
				CLANG_CXX_LANGUAGE_STANDARD = "gnu++14";
				CLANG_CXX_LIBRARY = "libc++";
				CLANG_ENABLE_MODULES = YES;
				CLANG_ENABLE_OBJC_ARC = YES;
				CLANG_WARN_BLOCK_CAPTURE_AUTORELEASING = YES;
				CLANG_WARN_BOOL_CONVERSION = YES;
				CLANG_WARN_COMMA = YES;
				CLANG_WARN_CONSTANT_CONVERSION = YES;
				CLANG_WARN_DIRECT_OBJC_ISA_USAGE = YES_ERROR;
				CLANG_WARN_DOCUMENTATION_COMMENTS = YES;
				CLANG_WARN_EMPTY_BODY = YES;
				CLANG_WARN_ENUM_CONVERSION = YES;
				CLANG_WARN_INFINITE_RECURSION = YES;
				CLANG_WARN_INT_CONVERSION = YES;
				CLANG_WARN_NON_LITERAL_NULL_CONVERSION = YES;
				CLANG_WARN_OBJC_LITERAL_CONVERSION = YES;
				CLANG_WARN_OBJC_ROOT_CLASS = YES_ERROR;
				CLANG_WARN_RANGE_LOOP_ANALYSIS = YES;
				CLANG_WARN_STRICT_PROTOTYPES = YES;
				CLANG_WARN_SUSPICIOUS_MOVE = YES;
				CLANG_WARN_UNGUARDED_AVAILABILITY = YES_AGGRESSIVE;
				CLANG_WARN_UNREACHABLE_CODE = YES;
				CLANG_WARN__DUPLICATE_METHOD_MATCH = YES;
				CODE_SIGN_IDENTITY = "iPhone Developer";
				COPY_PHASE_STRIP = NO;
				DEBUG_INFORMATION_FORMAT = dwarf;
				ENABLE_STRICT_OBJC_MSGSEND = YES;
				ENABLE_TESTABILITY = YES;
				GCC_C_LANGUAGE_STANDARD = gnu11;
				GCC_DYNAMIC_NO_PIC = NO;
				GCC_NO_COMMON_BLOCKS = YES;
				GCC_OPTIMIZATION_LEVEL = 0;
				GCC_PREPROCESSOR_DEFINITIONS = (
					"DEBUG=1",
					"$(inherited)",
				);
				GCC_WARN_64_TO_32_BIT_CONVERSION = YES;
				GCC_WARN_ABOUT_RETURN_TYPE = YES_ERROR;
				GCC_WARN_UNDECLARED_SELECTOR = YES;
				GCC_WARN_UNINITIALIZED_AUTOS = YES_AGGRESSIVE;
				GCC_WARN_UNUSED_FUNCTION = YES;
				GCC_WARN_UNUSED_VARIABLE = YES;
				IPHONEOS_DEPLOYMENT_TARGET = 16.0;
				MTL_ENABLE_DEBUG_INFO = YES;
				ONLY_ACTIVE_ARCH = YES;
				SDKROOT = iphoneos;
				SWIFT_ACTIVE_COMPILATION_CONDITIONS = DEBUG;
				SWIFT_OPTIMIZATION_LEVEL = "-Onone";
			};
			name = Debug;
		};
		504EC3151FED79650016851F /* Release */ = {
			isa = XCBuildConfiguration;
			buildSettings = {
				ALWAYS_SEARCH_USER_PATHS = NO;
				CLANG_ANALYZER_NONNULL = YES;
				CLANG_ANALYZER_NUMBER_OBJECT_CONVERSION = YES_AGGRESSIVE;
				CLANG_CXX_LANGUAGE_STANDARD = "gnu++14";
				CLANG_CXX_LIBRARY = "libc++";
				CLANG_ENABLE_MODULES = YES;
				CLANG_ENABLE_OBJC_ARC = YES;
				CLANG_WARN_BLOCK_CAPTURE_AUTORELEASING = YES;
				CLANG_WARN_BOOL_CONVERSION = YES;
				CLANG_WARN_COMMA = YES;
				CLANG_WARN_CONSTANT_CONVERSION = YES;
				CLANG_WARN_DIRECT_OBJC_ISA_USAGE = YES_ERROR;
				CLANG_WARN_DOCUMENTATION_COMMENTS = YES;
				CLANG_WARN_EMPTY_BODY = YES;
				CLANG_WARN_ENUM_CONVERSION = YES;
				CLANG_WARN_INFINITE_RECURSION = YES;
				CLANG_WARN_INT_CONVERSION = YES;
				CLANG_WARN_NON_LITERAL_NULL_CONVERSION = YES;
				CLANG_WARN_OBJC_LITERAL_CONVERSION = YES;
				CLANG_WARN_OBJC_ROOT_CLASS = YES_ERROR;
				CLANG_WARN_RANGE_LOOP_ANALYSIS = YES;
				CLANG_WARN_STRICT_PROTOTYPES = YES;
				CLANG_WARN_SUSPICIOUS_MOVE = YES;
				CLANG_WARN_UNGUARDED_AVAILABILITY = YES_AGGRESSIVE;
				CLANG_WARN_UNREACHABLE_CODE = YES;
				CLANG_WARN__DUPLICATE_METHOD_MATCH = YES;
				CODE_SIGN_IDENTITY = "iPhone Developer";
				COPY_PHASE_STRIP = NO;
				DEBUG_INFORMATION_FORMAT = "dwarf-with-dsym";
				ENABLE_NS_ASSERTIONS = NO;
				ENABLE_STRICT_OBJC_MSGSEND = YES;
				GCC_C_LANGUAGE_STANDARD = gnu11;
				GCC_NO_COMMON_BLOCKS = YES;
				GCC_WARN_64_TO_32_BIT_CONVERSION = YES;
				GCC_WARN_ABOUT_RETURN_TYPE = YES_ERROR;
				GCC_WARN_UNDECLARED_SELECTOR = YES;
				GCC_WARN_UNINITIALIZED_AUTOS = YES_AGGRESSIVE;
				GCC_WARN_UNUSED_FUNCTION = YES;
				GCC_WARN_UNUSED_VARIABLE = YES;
				IPHONEOS_DEPLOYMENT_TARGET = 16.0;
				MTL_ENABLE_DEBUG_INFO = NO;
				SDKROOT = iphoneos;
				SWIFT_COMPILATION_MODE = wholemodule;
				SWIFT_OPTIMIZATION_LEVEL = "-O";
				VALIDATE_PRODUCT = YES;
			};
			name = Release;
		};
		504EC3171FED79650016851F /* Debug */ = {
			isa = XCBuildConfiguration;
			baseConfigurationReference = 958DCC722DB07C7200EA8C5F /* debug.xcconfig */;
			buildSettings = {
				ASSETCATALOG_COMPILER_APPICON_NAME = AppIcon;
				CODE_SIGN_STYLE = Automatic;
				CURRENT_PROJECT_VERSION = 1;
				INFOPLIST_FILE = App/Info.plist;
				IPHONEOS_DEPLOYMENT_TARGET = 16.0;
				LD_RUNPATH_SEARCH_PATHS = (
					"$(inherited)",
					"@executable_path/Frameworks",
				);
				MARKETING_VERSION = 1.0;
				OTHER_SWIFT_FLAGS = "$(inherited) \"-D\" \"COCOAPODS\" \"-DDEBUG\"";
				PRODUCT_BUNDLE_IDENTIFIER = com.wave.messenger;
				PRODUCT_NAME = "$(TARGET_NAME)";
				SWIFT_ACTIVE_COMPILATION_CONDITIONS = DEBUG;
				SWIFT_VERSION = 5.0;
				TARGETED_DEVICE_FAMILY = "1,2";
			};
			name = Debug;
		};
		504EC3181FED79650016851F /* Release */ = {
			isa = XCBuildConfiguration;
			buildSettings = {
				ASSETCATALOG_COMPILER_APPICON_NAME = AppIcon;
				CODE_SIGN_STYLE = Automatic;
				CURRENT_PROJECT_VERSION = 1;
				INFOPLIST_FILE = App/Info.plist;
				IPHONEOS_DEPLOYMENT_TARGET = 16.0;
				LD_RUNPATH_SEARCH_PATHS = (
					"$(inherited)",
					"@executable_path/Frameworks",
				);
				MARKETING_VERSION = 1.0;
				PRODUCT_BUNDLE_IDENTIFIER = com.wave.messenger;
				PRODUCT_NAME = "$(TARGET_NAME)";
				SWIFT_ACTIVE_COMPILATION_CONDITIONS = "";
				SWIFT_VERSION = 5.0;
				TARGETED_DEVICE_FAMILY = "1,2";
			};
			name = Release;
		};
/* End XCBuildConfiguration section */

/* Begin XCConfigurationList section */
		504EC2FF1FED79650016851F /* Build configuration list for PBXProject "App" */ = {
			isa = XCConfigurationList;
			buildConfigurations = (
				504EC3141FED79650016851F /* Debug */,
				504EC3151FED79650016851F /* Release */,
			);
			defaultConfigurationIsVisible = 0;
			defaultConfigurationName = Release;
		};
		504EC3161FED79650016851F /* Build configuration list for PBXNativeTarget "App" */ = {
			isa = XCConfigurationList;
			buildConfigurations = (
				504EC3171FED79650016851F /* Debug */,
				504EC3181FED79650016851F /* Release */,
			);
			defaultConfigurationIsVisible = 0;
			defaultConfigurationName = Release;
		};
/* End XCConfigurationList section */

/* Begin XCLocalSwiftPackageReference section */
		D4C12C0A2AAA248700AAC8A2 /* XCLocalSwiftPackageReference "CapApp-SPM" */ = {
			isa = XCLocalSwiftPackageReference;
			relativePath = "CapApp-SPM";
		};
/* End XCLocalSwiftPackageReference section */

/* Begin XCSwiftPackageProductDependency section */
		4D22ABE82AF431CB00220026 /* CapApp-SPM */ = {
			isa = XCSwiftPackageProductDependency;
			package = D4C12C0A2AAA248700AAC8A2 /* XCLocalSwiftPackageReference "CapApp-SPM" */;
			productName = "CapApp-SPM";
		};
/* End XCSwiftPackageProductDependency section */
	};
	rootObject = 504EC2FC1FED79650016851F /* Project object */;
}
